
Microsoft Visual Studio Solution File, Format Version 12.00
# Visual Studio 15
VisualStudioVersion = 15.0.27703.2042
MinimumVisualStudioVersion = 10.0.40219.1
Project("{FAE04EC0-301F-11D3-BF4B-00C04F79EFBC}") = "WhatsAppTest", "WhatsAppTest\WhatsAppTest.csproj", "{FF1A1FC8-7C3E-48B4-BB29-987191EBDECD}"
EndProject
Project("{FAE04EC0-301F-11D3-BF4B-00C04F79EFBC}") = "iXInboundMessages", "iXInboundMessages\iXInboundMessages.csproj", "{06D2759F-9526-4582-A59E-187E60010D67}"
EndProject
Global
	GlobalSection(SolutionConfigurationPlatforms) = preSolution
		Debug|Any CPU = Debug|Any CPU
		Release|Any CPU = Release|Any CPU
	EndGlobalSection
	GlobalSection(ProjectConfigurationPlatforms) = postSolution
		{FF1A1FC8-7C3E-48B4-BB29-987191EBDECD}.Debug|Any CPU.ActiveCfg = Debug|Any CPU
		{FF1A1FC8-7C3E-48B4-BB29-987191EBDECD}.Debug|Any CPU.Build.0 = Debug|Any CPU
		{FF1A1FC8-7C3E-48B4-BB29-987191EBDECD}.Release|Any CPU.ActiveCfg = Release|Any CPU
		{FF1A1FC8-7C3E-48B4-BB29-987191EBDECD}.Release|Any CPU.Build.0 = Release|Any CPU
		{06D2759F-9526-4582-A59E-187E60010D67}.Debug|Any CPU.ActiveCfg = Debug|Any CPU
		{06D2759F-9526-4582-A59E-187E60010D67}.Debug|Any CPU.Build.0 = Debug|Any CPU
		{06D2759F-9526-4582-A59E-187E60010D67}.Release|Any CPU.ActiveCfg = Release|Any CPU
		{06D2759F-9526-4582-A59E-187E60010D67}.Release|Any CPU.Build.0 = Release|Any CPU
	EndGlobalSection
	GlobalSection(SolutionProperties) = preSolution
		HideSolutionNode = FALSE
	EndGlobalSection
	GlobalSection(ExtensibilityGlobals) = postSolution
		SolutionGuid = {AFAEAEEA-85AD-4D53-A9EB-B9D2B2B2CC73}
	EndGlobalSection
EndGlobal
